github.com/firasdarwish/ore v0.3.0 h1:jk5g5xB7+5hhhkKoeafRVxfFBFnlI0KWx9Qeb276B00=
github.com/firasdarwish/ore v0.3.0/go.mod h1:Hii37a86OsbOZ6xNRG1TjXOguhekZgWY8VjtCbWIrTI=
github.com/samber/do/v2 v2.0.0-beta.7 h1:tmdLOVSCbTA6uGWLU5poi/nZvMRh5QxXFJ9vHytU+Jk=
github.com/samber/do/v2 v2.0.0-beta.7/go.mod h1:+LpV3vu4L81Q1JMZNSkMvSkW9lt4e5eJoXoZHkeBS4c=
github.com/samber/go-type-to-string v1.4.0 h1:KXphToZgiFdnJQxryU25brhlh/CqY/cwJVeX2rfmow0=
github.com/samber/go-type-to-string v1.4.0/go.mod h1:jpU77vIDoIxkahknKDoEx9C8bQ1ADnh2sotZ8I4QqBU=
